
Microsoft Visual Studio Solution File, Format Version 12.00
# Visual Studio 2012
Project("{FAE04EC0-301F-11D3-BF4B-00C04F79EFBC}") = "tparnell.ContentBundling", "src\tparnell.ContentBundling\tparnell.ContentBundling.csproj", "{ECA4D0FD-3F56-4B8B-B9DE-E671E38E351C}"
EndProject
Project("{FAE04EC0-301F-11D3-BF4B-00C04F79EFBC}") = "tparnell.ContentBundling.UnitTest", "src\tparnell.ContentBundling.UnitTest\tparnell.ContentBundling.UnitTest.csproj", "{85532C8E-1BFD-40B8-8E3A-1F7D46D24ED8}"
EndProject
Project("{2150E333-8FDC-42A3-9474-1A3956D46DE8}") = ".nuget", ".nuget", "{950EC3D1-E8C6-4B2A-9377-290824082C76}"
	ProjectSection(SolutionItems) = preProject
		.nuget\packages.config = .nuget\packages.config
	EndProjectSection
EndProject
Project("{FAE04EC0-301F-11D3-BF4B-00C04F79EFBC}") = "tparnell.ContentBundling.Squishit", "src\tparnell.ContentBundling.Squishit\tparnell.ContentBundling.Squishit.csproj", "{8161820F-B3F1-4D84-B376-9190F2285DAD}"
EndProject
Project("{FAE04EC0-301F-11D3-BF4B-00C04F79EFBC}") = "tparnell.ContentBundling.Squishit.UnitTest", "src\tparnell.ContentBundling.Squishit.UnitTest\tparnell.ContentBundling.Squishit.UnitTest.csproj", "{CA3ECC90-79AF-4EFA-931A-6BD5A71600D6}"
EndProject
Global
	GlobalSection(SolutionConfigurationPlatforms) = preSolution
		Debug|Any CPU = Debug|Any CPU
		NET4.0|Any CPU = NET4.0|Any CPU
		NET4.5|Any CPU = NET4.5|Any CPU
		Release|Any CPU = Release|Any CPU
	EndGlobalSection
	GlobalSection(ProjectConfigurationPlatforms) = postSolution
		{ECA4D0FD-3F56-4B8B-B9DE-E671E38E351C}.Debug|Any CPU.ActiveCfg = Debug|Any CPU
		{ECA4D0FD-3F56-4B8B-B9DE-E671E38E351C}.Debug|Any CPU.Build.0 = Debug|Any CPU
		{ECA4D0FD-3F56-4B8B-B9DE-E671E38E351C}.Debug|Any CPU.Deploy.0 = Debug|Any CPU
		{ECA4D0FD-3F56-4B8B-B9DE-E671E38E351C}.NET4.0|Any CPU.ActiveCfg = Release|Any CPU
		{ECA4D0FD-3F56-4B8B-B9DE-E671E38E351C}.NET4.0|Any CPU.Build.0 = Release|Any CPU
		{ECA4D0FD-3F56-4B8B-B9DE-E671E38E351C}.NET4.5|Any CPU.ActiveCfg = Release|Any CPU
		{ECA4D0FD-3F56-4B8B-B9DE-E671E38E351C}.NET4.5|Any CPU.Build.0 = Release|Any CPU
		{ECA4D0FD-3F56-4B8B-B9DE-E671E38E351C}.Release|Any CPU.ActiveCfg = Release|Any CPU
		{ECA4D0FD-3F56-4B8B-B9DE-E671E38E351C}.Release|Any CPU.Build.0 = Release|Any CPU
		{85532C8E-1BFD-40B8-8E3A-1F7D46D24ED8}.Debug|Any CPU.ActiveCfg = Debug|Any CPU
		{85532C8E-1BFD-40B8-8E3A-1F7D46D24ED8}.Debug|Any CPU.Build.0 = Debug|Any CPU
		{85532C8E-1BFD-40B8-8E3A-1F7D46D24ED8}.NET4.0|Any CPU.ActiveCfg = Release|Any CPU
		{85532C8E-1BFD-40B8-8E3A-1F7D46D24ED8}.NET4.0|Any CPU.Build.0 = Release|Any CPU
		{85532C8E-1BFD-40B8-8E3A-1F7D46D24ED8}.NET4.5|Any CPU.ActiveCfg = Release|Any CPU
		{85532C8E-1BFD-40B8-8E3A-1F7D46D24ED8}.NET4.5|Any CPU.Build.0 = Release|Any CPU
		{85532C8E-1BFD-40B8-8E3A-1F7D46D24ED8}.Release|Any CPU.ActiveCfg = Release|Any CPU
		{85532C8E-1BFD-40B8-8E3A-1F7D46D24ED8}.Release|Any CPU.Build.0 = Release|Any CPU
		{8161820F-B3F1-4D84-B376-9190F2285DAD}.Debug|Any CPU.ActiveCfg = Debug|Any CPU
		{8161820F-B3F1-4D84-B376-9190F2285DAD}.Debug|Any CPU.Build.0 = Debug|Any CPU
		{8161820F-B3F1-4D84-B376-9190F2285DAD}.NET4.0|Any CPU.ActiveCfg = Release|Any CPU
		{8161820F-B3F1-4D84-B376-9190F2285DAD}.NET4.0|Any CPU.Build.0 = Release|Any CPU
		{8161820F-B3F1-4D84-B376-9190F2285DAD}.NET4.5|Any CPU.ActiveCfg = Release|Any CPU
		{8161820F-B3F1-4D84-B376-9190F2285DAD}.NET4.5|Any CPU.Build.0 = Release|Any CPU
		{8161820F-B3F1-4D84-B376-9190F2285DAD}.Release|Any CPU.ActiveCfg = Release|Any CPU
		{8161820F-B3F1-4D84-B376-9190F2285DAD}.Release|Any CPU.Build.0 = Release|Any CPU
		{CA3ECC90-79AF-4EFA-931A-6BD5A71600D6}.Debug|Any CPU.ActiveCfg = Debug|Any CPU
		{CA3ECC90-79AF-4EFA-931A-6BD5A71600D6}.Debug|Any CPU.Build.0 = Debug|Any CPU
		{CA3ECC90-79AF-4EFA-931A-6BD5A71600D6}.NET4.0|Any CPU.ActiveCfg = Release|Any CPU
		{CA3ECC90-79AF-4EFA-931A-6BD5A71600D6}.NET4.0|Any CPU.Build.0 = Release|Any CPU
		{CA3ECC90-79AF-4EFA-931A-6BD5A71600D6}.NET4.5|Any CPU.ActiveCfg = Release|Any CPU
		{CA3ECC90-79AF-4EFA-931A-6BD5A71600D6}.NET4.5|Any CPU.Build.0 = Release|Any CPU
		{CA3ECC90-79AF-4EFA-931A-6BD5A71600D6}.Release|Any CPU.ActiveCfg = Release|Any CPU
		{CA3ECC90-79AF-4EFA-931A-6BD5A71600D6}.Release|Any CPU.Build.0 = Release|Any CPU
	EndGlobalSection
	GlobalSection(SolutionProperties) = preSolution
		HideSolutionNode = FALSE
	EndGlobalSection
EndGlobal
